
Microsoft Visual Studio Solution File, Format Version 12.00
# Visual Studio Version 16
VisualStudioVersion = 16.0.30413.136
MinimumVisualStudioVersion = 10.0.40219.1
Project("{FAE04EC0-301F-11D3-BF4B-00C04F79EFBC}") = "MoviesMicroService", "MoviesMicroService\MoviesMicroService.csproj", "{3CF29D0E-3F1B-4B60-B42B-CE282813ECD5}"
EndProject
Project("{FAE04EC0-301F-11D3-BF4B-00C04F79EFBC}") = "MoviesMicroServiceTests", "MoviesMicroServiceTests\MoviesMicroServiceTests.csproj", "{F7FFBA7D-931C-40DD-92D0-2D557DA6747D}"
EndProject
Global
	GlobalSection(SolutionConfigurationPlatforms) = preSolution
		Debug|Any CPU = Debug|Any CPU
		Release|Any CPU = Release|Any CPU
	EndGlobalSection
	GlobalSection(ProjectConfigurationPlatforms) = postSolution
		{3CF29D0E-3F1B-4B60-B42B-CE282813ECD5}.Debug|Any CPU.ActiveCfg = Debug|Any CPU
		{3CF29D0E-3F1B-4B60-B42B-CE282813ECD5}.Debug|Any CPU.Build.0 = Debug|Any CPU
		{3CF29D0E-3F1B-4B60-B42B-CE282813ECD5}.Release|Any CPU.ActiveCfg = Release|Any CPU
		{3CF29D0E-3F1B-4B60-B42B-CE282813ECD5}.Release|Any CPU.Build.0 = Release|Any CPU
		{F7FFBA7D-931C-40DD-92D0-2D557DA6747D}.Debug|Any CPU.ActiveCfg = Debug|Any CPU
		{F7FFBA7D-931C-40DD-92D0-2D557DA6747D}.Debug|Any CPU.Build.0 = Debug|Any CPU
		{F7FFBA7D-931C-40DD-92D0-2D557DA6747D}.Release|Any CPU.ActiveCfg = Release|Any CPU
		{F7FFBA7D-931C-40DD-92D0-2D557DA6747D}.Release|Any CPU.Build.0 = Release|Any CPU
	EndGlobalSection
	GlobalSection(SolutionProperties) = preSolution
		HideSolutionNode = FALSE
	EndGlobalSection
	GlobalSection(ExtensibilityGlobals) = postSolution
		SolutionGuid = {2CC0F1CE-8C61-4AB9-8AD7-2FCC77B92654}
	EndGlobalSection
EndGlobal
